{
  "version": 1,
  "dependencies": {
    "net10.0-windows7.0": {
      "DalamudPackager": {
        "type": "Direct",
        "requested": "[15.0.0, )",
        "resolved": "15.0.0",
        "contentHash": "411vwC8/X8Z/sQ2TI6v3SvOn66xFPeOjFn3Zn+h0d3Ox2t1kFm66AhDvmx/qcMwVrR+Hidxj0dadpQ2dgyXMBQ=="
      },
      "DotNet.ReproducibleBuilds": {
        "type": "Direct",
        "requested": "[2.0.2, )",
        "resolved": "2.0.2",
        "contentHash": "VaHoEN6YHp0jXucxm67vfuRy8zo9ufiKSuaZ4ZudRi8xmWcEFMKxfCsg2nvYNvdISFTURDu+IHqADGh53+Bamw=="
      },
      "Lumina": {
        "type": "Direct",
        "requested": "[7.3.0, )",
        "resolved": "7.3.0",
        "contentHash": "VGBF/2TjXR4uKYqbTFa3oqHNG7gHvXfhKTSj6PQk2pmL/RZcsmNrFpBO/bhARg0mN3J3slLD95UFPruMkScutw==",
        "dependencies": {
          "BCnEncoder.Net": "2.2.1",
          "Microsoft.Extensions.ObjectPool": "10.0.0"
        }
      },
      "Lumina.Excel": {
        "type": "Direct",
        "requested": "[7.4.3, )",
        "resolved": "7.4.3",
        "contentHash": "3FXHgq3ihk3yLSriYjM5j+w/114i/rawAbt7+O9LMFHyY0fGVIP+MOpQaLa1CruEOXjwmT9CvLKkDy4h1ESDlA==",
        "dependencies": {
          "Lumina": "7.1.0"
        }
      },
      "BCnEncoder.Net": {
        "type": "Transitive",
        "resolved": "2.2.1",
        "contentHash": "tI5+/OQo0kciLqWrViRjpOH+IL3FjexYnoWZajiGV41g/EM9CGbWsxsPzBDmpoxNkrV9uox/EtIhCIi9chBSFw==",
        "dependencies": {
          "CommunityToolkit.HighPerformance": "8.4.0"
        }
      },
      "CommunityToolkit.HighPerformance": {
        "type": "Transitive",
        "resolved": "8.4.0",
        "contentHash": "flxspiBs0G/0GMp7IK2J2ijV9bTG6hEwFc/z6ekHqB6nwRJ4Ry2yLdx+TkbCUYFCl4XhABkAwomeKbT6zM2Zlg=="
      },
      "Microsoft.Extensions.ObjectPool": {
        "type": "Transitive",
        "resolved": "10.0.0",
        "contentHash": "bpeCq0IYmVLACyEUMzFIOQX+zZUElG1t+nu1lSxthe7B+1oNYking7b91305+jNB6iwojp9fqTY9O+Nh7ULQxg=="
      }
    }
  }
}